
Microsoft Visual Studio Solution File, Format Version 12.00
# Visual Studio Version 17
VisualStudioVersion = 17.11.35327.3
MinimumVisualStudioVersion = 10.0.40219.1
Project("{FAE04EC0-301F-11D3-BF4B-00C04F79EFBC}") = "PR12", "PR12\PR12.csproj", "{EFFF94A7-D500-42FD-AEC4-F50E78C6BFBE}"
EndProject
Global
	GlobalSection(SolutionConfigurationPlatforms) = preSolution
		Debug|Any CPU = Debug|Any CPU
		Release|Any CPU = Release|Any CPU
	EndGlobalSection
	GlobalSection(ProjectConfigurationPlatforms) = postSolution
		{EFFF94A7-D500-42FD-AEC4-F50E78C6BFBE}.Debug|Any CPU.ActiveCfg = Debug|Any CPU
		{EFFF94A7-D500-42FD-AEC4-F50E78C6BFBE}.Debug|Any CPU.Build.0 = Debug|Any CPU
		{EFFF94A7-D500-42FD-AEC4-F50E78C6BFBE}.Release|Any CPU.ActiveCfg = Release|Any CPU
		{EFFF94A7-D500-42FD-AEC4-F50E78C6BFBE}.Release|Any CPU.Build.0 = Release|Any CPU
	EndGlobalSection
	GlobalSection(SolutionProperties) = preSolution
		HideSolutionNode = FALSE
	EndGlobalSection
	GlobalSection(ExtensibilityGlobals) = postSolution
		SolutionGuid = {FF463517-5920-45F6-B900-76270E67FF9D}
	EndGlobalSection
EndGlobal
